{
  "name": "data-play",
  "version": "1.0.0",
  "lockfileVersion": 3,
  "requires": true,
  "packages": {
    "": {
      "name": "data-play",
      "version": "1.0.0",
      "license": "ISC",
      "dependencies": {
        "@dsnp/parquetjs": "^1.4.1"
      }
    },
    "node_modules/@dsnp/parquetjs": {
      "version": "1.4.1",
      "resolved": "https://registry.npmjs.org/@dsnp/parquetjs/-/parquetjs-1.4.1.tgz",
      "integrity": "sha512-XGoDS9tindBGAQ8IL66NazYjLvqfDhpIELfttp6V0H2iMF9ghc8TOyWabA4f6SmttPnmhDXX+hy5GjwGe4sohQ==",
      "dependencies": {
        "@types/long": "^4.0.2",
        "@types/node-int64": "^0.4.29",
        "@types/thrift": "^0.10.11",
        "browserify-zlib": "^0.2.0",
        "bson": "4.6.3",
        "cross-fetch": "^3.1.4",
        "int53": "^0.2.4",
        "long": "^4.0.0",
        "snappyjs": "^0.6.1",
        "thrift": "0.16.0",
        "varint": "^6.0.0",
        "wasm-brotli": "^2.0.2",
        "xxhash-wasm": "^1.0.2"
      },
      "engines": {
        "node": ">=18.18.2"
      }
    },
    "node_modules/@types/long": {
      "version": "4.0.2",
      "resolved": "https://registry.npmjs.org/@types/long/-/long-4.0.2.tgz",
      "integrity": "sha512-MqTGEo5bj5t157U6fA/BiDynNkn0YknVdh48CMPkTSpFTVmvao5UQmm7uEF6xBEo7qIMAlY/JSleYaE6VOdpaA=="
    },
    "node_modules/@types/node": {
      "version": "20.11.5",
      "resolved": "https://registry.npmjs.org/@types/node/-/node-20.11.5.tgz",
      "integrity": "sha512-g557vgQjUUfN76MZAN/dt1z3dzcUsimuysco0KeluHgrPdJXkP/XdAURgyO2W9fZWHRtRBiVKzKn8vyOAwlG+w==",
      "dependencies": {
        "undici-types": "~5.26.4"
      }
    },
    "node_modules/@types/node-int64": {
      "version": "0.4.32",
      "resolved": "https://registry.npmjs.org/@types/node-int64/-/node-int64-0.4.32.tgz",
      "integrity": "sha512-xf/JsSlnXQ+mzvc0IpXemcrO4BrCfpgNpMco+GLcXkFk01k/gW9lGJu+Vof0ZSvHK6DsHJDPSbjFPs36QkWXqw==",
      "dependencies": {
        "@types/node": "*"
      }
    },
    "node_modules/@types/q": {
      "version": "1.5.8",
      "resolved": "https://registry.npmjs.org/@types/q/-/q-1.5.8.tgz",
      "integrity": "sha512-hroOstUScF6zhIi+5+x0dzqrHA1EJi+Irri6b1fxolMTqqHIV/Cg77EtnQcZqZCu8hR3mX2BzIxN4/GzI68Kfw=="
    },
    "node_modules/@types/thrift": {
      "version": "0.10.17",
      "resolved": "https://registry.npmjs.org/@types/thrift/-/thrift-0.10.17.tgz",
      "integrity": "sha512-bDX6d5a5ZDWC81tgDv224n/3PKNYfIQJTPHzlbk4vBWJrYXF6Tg1ncaVmP/c3JbGN2AK9p7zmHorJC2D6oejGQ==",
      "dependencies": {
        "@types/node": "*",
        "@types/node-int64": "*",
        "@types/q": "*"
      }
    },
    "node_modules/async-limiter": {
      "version": "1.0.1",
      "resolved": "https://registry.npmjs.org/async-limiter/-/async-limiter-1.0.1.tgz",
      "integrity": "sha512-csOlWGAcRFJaI6m+F2WKdnMKr4HhdhFVBk0H/QbJFMCr+uO2kwohwXQPxw/9OCxp05r5ghVBFSyioixx3gfkNQ=="
    },
    "node_modules/base64-js": {
      "version": "1.5.1",
      "resolved": "https://registry.npmjs.org/base64-js/-/base64-js-1.5.1.tgz",
      "integrity": "sha512-AKpaYlHn8t4SVbOHCy+b5+KKgvR4vrsD8vbvrbiQJps7fKDTkjkDry6ji0rUJjC0kzbNePLwzxq8iypo41qeWA==",
      "funding": [
        {
          "type": "github",
          "url": "https://github.com/sponsors/feross"
        },
        {
          "type": "patreon",
          "url": "https://www.patreon.com/feross"
        },
        {
          "type": "consulting",
          "url": "https://feross.org/support"
        }
      ]
    },
    "node_modules/browser-or-node": {
      "version": "1.3.0",
      "resolved": "https://registry.npmjs.org/browser-or-node/-/browser-or-node-1.3.0.tgz",
      "integrity": "sha512-0F2z/VSnLbmEeBcUrSuDH5l0HxTXdQQzLjkmBR4cYfvg1zJrKSlmIZFqyFR8oX0NrwPhy3c3HQ6i3OxMbew4Tg=="
    },
    "node_modules/browserify-zlib": {
      "version": "0.2.0",
      "resolved": "https://registry.npmjs.org/browserify-zlib/-/browserify-zlib-0.2.0.tgz",
      "integrity": "sha512-Z942RysHXmJrhqk88FmKBVq/v5tqmSkDz7p54G/MGyjMnCFFnC79XWNbg+Vta8W6Wb2qtSZTSxIGkJrRpCFEiA==",
      "dependencies": {
        "pako": "~1.0.5"
      }
    },
    "node_modules/bson": {
      "version": "4.6.3",
      "resolved": "https://registry.npmjs.org/bson/-/bson-4.6.3.tgz",
      "integrity": "sha512-rAqP5hcUVJhXP2MCSNVsf0oM2OGU1So6A9pVRDYayvJ5+hygXHQApf87wd5NlhPM1J9RJnbqxIG/f8QTzRoQ4A==",
      "dependencies": {
        "buffer": "^5.6.0"
      },
      "engines": {
        "node": ">=6.9.0"
      }
    },
    "node_modules/buffer": {
      "version": "5.7.1",
      "resolved": "https://registry.npmjs.org/buffer/-/buffer-5.7.1.tgz",
      "integrity": "sha512-EHcyIPBQ4BSGlvjB16k5KgAJ27CIsHY/2JBmCRReo48y9rQ3MaUzWX3KVlBa4U7MyX02HdVj0K7C3WaB3ju7FQ==",
      "funding": [
        {
          "type": "github",
          "url": "https://github.com/sponsors/feross"
        },
        {
          "type": "patreon",
          "url": "https://www.patreon.com/feross"
        },
        {
          "type": "consulting",
          "url": "https://feross.org/support"
        }
      ],
      "dependencies": {
        "base64-js": "^1.3.1",
        "ieee754": "^1.1.13"
      }
    },
    "node_modules/cross-fetch": {
      "version": "3.1.8",
      "resolved": "https://registry.npmjs.org/cross-fetch/-/cross-fetch-3.1.8.tgz",
      "integrity": "sha512-cvA+JwZoU0Xq+h6WkMvAUqPEYy92Obet6UdKLfW60qn99ftItKjB5T+BkyWOFWe2pUyfQ+IJHmpOTznqk1M6Kg==",
      "dependencies": {
        "node-fetch": "^2.6.12"
      }
    },
    "node_modules/ieee754": {
      "version": "1.2.1",
      "resolved": "https://registry.npmjs.org/ieee754/-/ieee754-1.2.1.tgz",
      "integrity": "sha512-dcyqhDvX1C46lXZcVqCpK+FtMRQVdIMN6/Df5js2zouUsqG7I6sFxitIC+7KYK29KdXOLHdu9zL4sFnoVQnqaA==",
      "funding": [
        {
          "type": "github",
          "url": "https://github.com/sponsors/feross"
        },
        {
          "type": "patreon",
          "url": "https://www.patreon.com/feross"
        },
        {
          "type": "consulting",
          "url": "https://feross.org/support"
        }
      ]
    },
    "node_modules/int53": {
      "version": "0.2.4",
      "resolved": "https://registry.npmjs.org/int53/-/int53-0.2.4.tgz",
      "integrity": "sha512-a5jlKftS7HUOhkUyYD7j2sJ/ZnvWiNlZS1ldR+g1ifQ+/UuZXIE+YTc/lK1qGj/GwAU5F8Z0e1eVq2t1J5Ob2g=="
    },
    "node_modules/isomorphic-ws": {
      "version": "4.0.1",
      "resolved": "https://registry.npmjs.org/isomorphic-ws/-/isomorphic-ws-4.0.1.tgz",
      "integrity": "sha512-BhBvN2MBpWTaSHdWRb/bwdZJ1WaehQ2L1KngkCkfLUGF0mAWAT1sQUQacEmQ0jXkFw/czDXPNQSL5u2/Krsz1w==",
      "peerDependencies": {
        "ws": "*"
      }
    },
    "node_modules/long": {
      "version": "4.0.0",
      "resolved": "https://registry.npmjs.org/long/-/long-4.0.0.tgz",
      "integrity": "sha512-XsP+KhQif4bjX1kbuSiySJFNAehNxgLb6hPRGJ9QsUr8ajHkuXGdrHmFUTUUXhDwVX2R5bY4JNZEwbUiMhV+MA=="
    },
    "node_modules/node-fetch": {
      "version": "2.7.0",
      "resolved": "https://registry.npmjs.org/node-fetch/-/node-fetch-2.7.0.tgz",
      "integrity": "sha512-c4FRfUm/dbcWZ7U+1Wq0AwCyFL+3nt2bEw05wfxSz+DWpWsitgmSgYmy2dQdWyKC1694ELPqMs/YzUSNozLt8A==",
      "dependencies": {
        "whatwg-url": "^5.0.0"
      },
      "engines": {
        "node": "4.x || >=6.0.0"
      },
      "peerDependencies": {
        "encoding": "^0.1.0"
      },
      "peerDependenciesMeta": {
        "encoding": {
          "optional": true
        }
      }
    },
    "node_modules/node-int64": {
      "version": "0.4.0",
      "resolved": "https://registry.npmjs.org/node-int64/-/node-int64-0.4.0.tgz",
      "integrity": "sha512-O5lz91xSOeoXP6DulyHfllpq+Eg00MWitZIbtPfoSEvqIHdl5gfcY6hYzDWnj0qD5tz52PI08u9qUvSVeUBeHw=="
    },
    "node_modules/pako": {
      "version": "1.0.11",
      "resolved": "https://registry.npmjs.org/pako/-/pako-1.0.11.tgz",
      "integrity": "sha512-4hLB8Py4zZce5s4yd9XzopqwVv/yGNhV1Bl8NTmCq1763HeK2+EwVTv+leGeL13Dnh2wfbqowVPXCIO0z4taYw=="
    },
    "node_modules/q": {
      "version": "1.5.1",
      "resolved": "https://registry.npmjs.org/q/-/q-1.5.1.tgz",
      "integrity": "sha512-kV/CThkXo6xyFEZUugw/+pIOywXcDbFYgSct5cT3gqlbkBE1SJdwy6UQoZvodiWF/ckQLZyDE/Bu1M6gVu5lVw==",
      "engines": {
        "node": ">=0.6.0",
        "teleport": ">=0.2.0"
      }
    },
    "node_modules/snappyjs": {
      "version": "0.6.1",
      "resolved": "https://registry.npmjs.org/snappyjs/-/snappyjs-0.6.1.tgz",
      "integrity": "sha512-YIK6I2lsH072UE0aOFxxY1dPDCS43I5ktqHpeAsuLNYWkE5pGxRGWfDM4/vSUfNzXjC1Ivzt3qx31PCLmc9yqg=="
    },
    "node_modules/thrift": {
      "version": "0.16.0",
      "resolved": "https://registry.npmjs.org/thrift/-/thrift-0.16.0.tgz",
      "integrity": "sha512-W8DpGyTPlIaK3f+e1XOCLxefaUWXtrOXAaVIDbfYhmVyriYeAKgsBVFNJUV1F9SQ2SPt2sG44AZQxSGwGj/3VA==",
      "dependencies": {
        "browser-or-node": "^1.2.1",
        "isomorphic-ws": "^4.0.1",
        "node-int64": "^0.4.0",
        "q": "^1.5.0",
        "ws": "^5.2.3"
      },
      "engines": {
        "node": ">= 10.18.0"
      }
    },
    "node_modules/tr46": {
      "version": "0.0.3",
      "resolved": "https://registry.npmjs.org/tr46/-/tr46-0.0.3.tgz",
      "integrity": "sha512-N3WMsuqV66lT30CrXNbEjx4GEwlow3v6rr4mCcv6prnfwhS01rkgyFdjPNBYd9br7LpXV1+Emh01fHnq2Gdgrw=="
    },
    "node_modules/undici-types": {
      "version": "5.26.5",
      "resolved": "https://registry.npmjs.org/undici-types/-/undici-types-5.26.5.tgz",
      "integrity": "sha512-JlCMO+ehdEIKqlFxk6IfVoAUVmgz7cU7zD/h9XZ0qzeosSHmUJVOzSQvvYSYWXkFXC+IfLKSIffhv0sVZup6pA=="
    },
    "node_modules/varint": {
      "version": "6.0.0",
      "resolved": "https://registry.npmjs.org/varint/-/varint-6.0.0.tgz",
      "integrity": "sha512-cXEIW6cfr15lFv563k4GuVuW/fiwjknytD37jIOLSdSWuOI6WnO/oKwmP2FQTU2l01LP8/M5TSAJpzUaGe3uWg=="
    },
    "node_modules/wasm-brotli": {
      "version": "2.0.2",
      "resolved": "https://registry.npmjs.org/wasm-brotli/-/wasm-brotli-2.0.2.tgz",
      "integrity": "sha512-DgjRlpZz9z5br4TjQHSlDHRF9NIuGXHUj3AqO08koDCXz7EYzmPDb7T/6oar5UKLYgPp9Yxc2ImGpx4BMFwbNQ=="
    },
    "node_modules/webidl-conversions": {
      "version": "3.0.1",
      "resolved": "https://registry.npmjs.org/webidl-conversions/-/webidl-conversions-3.0.1.tgz",
      "integrity": "sha512-2JAn3z8AR6rjK8Sm8orRC0h/bcl/DqL7tRPdGZ4I1CjdF+EaMLmYxBHyXuKL849eucPFhvBoxMsflfOb8kxaeQ=="
    },
    "node_modules/whatwg-url": {
      "version": "5.0.0",
      "resolved": "https://registry.npmjs.org/whatwg-url/-/whatwg-url-5.0.0.tgz",
      "integrity": "sha512-saE57nupxk6v3HY35+jzBwYa0rKSy0XR8JSxZPwgLr7ys0IBzhGviA1/TUGJLmSVqs8pb9AnvICXEuOHLprYTw==",
      "dependencies": {
        "tr46": "~0.0.3",
        "webidl-conversions": "^3.0.0"
      }
    },
    "node_modules/ws": {
      "version": "5.2.3",
      "resolved": "https://registry.npmjs.org/ws/-/ws-5.2.3.tgz",
      "integrity": "sha512-jZArVERrMsKUatIdnLzqvcfydI85dvd/Fp1u/VOpfdDWQ4c9qWXe+VIeAbQ5FrDwciAkr+lzofXLz3Kuf26AOA==",
      "dependencies": {
        "async-limiter": "~1.0.0"
      }
    },
    "node_modules/xxhash-wasm": {
      "version": "1.0.2",
      "resolved": "https://registry.npmjs.org/xxhash-wasm/-/xxhash-wasm-1.0.2.tgz",
      "integrity": "sha512-ibF0Or+FivM9lNrg+HGJfVX8WJqgo+kCLDc4vx6xMeTce7Aj+DLttKbxxRR/gNLSAelRc1omAPlJ77N/Jem07A=="
    }
  }
}
