%{
  "connection": {:hex, :connection, "1.0.4", "a1cae72211f0eef17705aaededacac3eb30e6625b04a6117c1b2db6ace7d5976", [:mix], [], "hexpm"},
  "db_connection": {:hex, :db_connection, "2.0.5", "ddb2ba6761a08b2bb9ca0e7d260e8f4dd39067426d835c24491a321b7f92a4da", [:mix], [{:connection, "~> 1.0.2", [hex: :connection, repo: "hexpm", optional: false]}], "hexpm"},
  "decimal": {:hex, :decimal, "1.6.0", "bfd84d90ff966e1f5d4370bdd3943432d8f65f07d3bab48001aebd7030590dcc", [:mix], [], "hexpm"},
  "ecto": {:hex, :ecto, "3.0.6", "d33ab5b3f7553a41507d4b0ad5bf192d533119c4ad08f3a5d63d85aa12117dc9", [:mix], [{:decimal, "~> 1.6", [hex: :decimal, repo: "hexpm", optional: false]}, {:jason, "~> 1.0", [hex: :jason, repo: "hexpm", optional: true]}, {:poison, "~> 2.2 or ~> 3.0", [hex: :poison, repo: "hexpm", optional: true]}], "hexpm"},
  "ecto_sql": {:hex, :ecto_sql, "3.0.5", "7e44172b4f7aca4469f38d7f6a3da394dbf43a1bcf0ca975e958cb957becd74e", [:mix], [{:db_connection, "~> 2.0", [hex: :db_connection, repo: "hexpm", optional: false]}, {:ecto, "~> 3.0.6", [hex: :ecto, repo: "hexpm", optional: false]}, {:mariaex, "~> 0.9.1", [hex: :mariaex, repo: "hexpm", optional: true]}, {:postgrex, "~> 0.14.0", [hex: :postgrex, repo: "hexpm", optional: true]}, {:telemetry, "~> 0.3.0", [hex: :telemetry, repo: "hexpm", optional: false]}], "hexpm"},
  "jason": {:hex, :jason, "1.1.2", "b03dedea67a99223a2eaf9f1264ce37154564de899fd3d8b9a21b1a6fd64afe7", [:mix], [{:decimal, "~> 1.0", [hex: :decimal, repo: "hexpm", optional: true]}], "hexpm"},
  "mariaex": {:hex, :mariaex, "0.9.1", "83266fec657ea68dd426f4bbc12594be45ee91fe162ebf1bf017ce3cfa098ddd", [:mix], [{:db_connection, "~> 2.0", [hex: :db_connection, repo: "hexpm", optional: false]}, {:decimal, "~> 1.2", [hex: :decimal, repo: "hexpm", optional: false]}, {:poison, ">= 0.0.0", [hex: :poison, repo: "hexpm", optional: true]}], "hexpm"},
  "myxql": {:hex, :myxql, "0.1.1", "23e4d6a9556e5f6fa1aee644dd0d2fd39ba40367810386be287479fcf36b986e", [:mix], [{:db_connection, "~> 2.0", [hex: :db_connection, repo: "hexpm", optional: false]}, {:decimal, "~> 1.6", [hex: :decimal, repo: "hexpm", optional: false]}, {:jason, "~> 1.0", [hex: :jason, repo: "hexpm", optional: true]}], "hexpm"},
  "poison": {:hex, :poison, "3.1.0", "d9eb636610e096f86f25d9a46f35a9facac35609a7591b3be3326e99a0484665", [:mix], [], "hexpm"},
  "poolboy": {:hex, :poolboy, "1.5.1", "6b46163901cfd0a1b43d692657ed9d7e599853b3b21b95ae5ae0a777cf9b6ca8", [:rebar], []},
  "postgrex": {:hex, :postgrex, "0.14.1", "63247d4a5ad6b9de57a0bac5d807e1c32d41e39c04b8a4156a26c63bcd8a2e49", [:mix], [{:connection, "~> 1.0", [hex: :connection, repo: "hexpm", optional: false]}, {:db_connection, "~> 2.0", [hex: :db_connection, repo: "hexpm", optional: false]}, {:decimal, "~> 1.5", [hex: :decimal, repo: "hexpm", optional: false]}, {:jason, "~> 1.0", [hex: :jason, repo: "hexpm", optional: true]}], "hexpm"},
  "telemetry": {:hex, :telemetry, "0.3.0", "099a7f3ce31e4780f971b4630a3c22ec66d22208bc090fe33a2a3a6a67754a73", [:rebar3], [], "hexpm"},
}
