{
  "name": "wasm",
  "version": "1.0.0",
  "lockfileVersion": 2,
  "requires": true,
  "packages": {
    "": {
      "name": "wasm",
      "version": "1.0.0",
      "license": "ISC",
      "devDependencies": {
        "wabt": "^1.0.30"
      }
    },
    "node_modules/wabt": {
      "version": "1.0.30",
      "resolved": "https://registry.npmjs.org/wabt/-/wabt-1.0.30.tgz",
      "integrity": "sha512-qM1QnttJhjZ4vTSuXvder43yxgGhVffT/0wMc0SwYpboEW0/ENISpei/2kIDEMPrnNfTQ4GdvD7JIFV0IJPYog==",
      "dev": true,
      "bin": {
        "wasm-decompile": "bin/wasm-decompile",
        "wasm-interp": "bin/wasm-interp",
        "wasm-objdump": "bin/wasm-objdump",
        "wasm-opcodecnt": "bin/wasm-opcodecnt",
        "wasm-strip": "bin/wasm-strip",
        "wasm-validate": "bin/wasm-validate",
        "wasm2c": "bin/wasm2c",
        "wasm2wat": "bin/wasm2wat",
        "wat2wasm": "bin/wat2wasm"
      }
    }
  },
  "dependencies": {
    "wabt": {
      "version": "1.0.30",
      "resolved": "https://registry.npmjs.org/wabt/-/wabt-1.0.30.tgz",
      "integrity": "sha512-qM1QnttJhjZ4vTSuXvder43yxgGhVffT/0wMc0SwYpboEW0/ENISpei/2kIDEMPrnNfTQ4GdvD7JIFV0IJPYog==",
      "dev": true
    }
  }
}
